
Microsoft Visual Studio Solution File, Format Version 12.00
Project("{2150E333-8FDC-42A3-9474-1A3956D46DE8}") = "docs", "docs", "{25F0A82A-74EC-4874-B340-A445854EC409}"
EndProject
Project("{2150E333-8FDC-42A3-9474-1A3956D46DE8}") = "common", "common", "{41951C78-C1BC-4674-8A4E-1B31D9CC0C7E}"
	ProjectSection(SolutionItems) = preProject
		readme.md = readme.md
		.gitignore = .gitignore
	EndProjectSection
EndProject
Global
	GlobalSection(SolutionConfigurationPlatforms) = preSolution
		Debug|Any CPU = Debug|Any CPU
		Release|Any CPU = Release|Any CPU
	EndGlobalSection
EndGlobal
